
Microsoft Visual Studio Solution File, Format Version 12.00
# Visual Studio Version 18
VisualStudioVersion = 18.4.11626.88 stable
MinimumVisualStudioVersion = 10.0.40219.1
Project("{FAE04EC0-301F-11D3-BF4B-00C04F79EFBC}") = "PerformanceAnalysis", "PerformanceAnalysis\PerformanceAnalysis.csproj", "{5CAB60D6-BCB7-4D02-9694-AB5C02EA1457}"
EndProject
Project("{FAE04EC0-301F-11D3-BF4B-00C04F79EFBC}") = "PerformanceAnalysis.Tests", "PerformanceAnalysis.Tests\PerformanceAnalysis.Tests.csproj", "{3314E86B-FBFD-4616-BC55-B9BE4147C770}"
EndProject
Global
	GlobalSection(SolutionConfigurationPlatforms) = preSolution
		Debug|Any CPU = Debug|Any CPU
		Release|Any CPU = Release|Any CPU
	EndGlobalSection
	GlobalSection(ProjectConfigurationPlatforms) = postSolution
		{5CAB60D6-BCB7-4D02-9694-AB5C02EA1457}.Debug|Any CPU.ActiveCfg = Debug|Any CPU
		{5CAB60D6-BCB7-4D02-9694-AB5C02EA1457}.Debug|Any CPU.Build.0 = Debug|Any CPU
		{5CAB60D6-BCB7-4D02-9694-AB5C02EA1457}.Release|Any CPU.ActiveCfg = Release|Any CPU
		{5CAB60D6-BCB7-4D02-9694-AB5C02EA1457}.Release|Any CPU.Build.0 = Release|Any CPU
		{3314E86B-FBFD-4616-BC55-B9BE4147C770}.Debug|Any CPU.ActiveCfg = Debug|Any CPU
		{3314E86B-FBFD-4616-BC55-B9BE4147C770}.Debug|Any CPU.Build.0 = Debug|Any CPU
		{3314E86B-FBFD-4616-BC55-B9BE4147C770}.Release|Any CPU.ActiveCfg = Release|Any CPU
		{3314E86B-FBFD-4616-BC55-B9BE4147C770}.Release|Any CPU.Build.0 = Release|Any CPU
	EndGlobalSection
	GlobalSection(SolutionProperties) = preSolution
		HideSolutionNode = FALSE
	EndGlobalSection
	GlobalSection(ExtensibilityGlobals) = postSolution
		SolutionGuid = {F7C9B284-95DA-4CE2-B2F8-C3A11452E803}
	EndGlobalSection
EndGlobal
